
Microsoft Visual Studio Solution File, Format Version 12.00
# Visual Studio Version 16
VisualStudioVersion = 16.0.31205.134
MinimumVisualStudioVersion = 10.0.40219.1
Project("{FAE04EC0-301F-11D3-BF4B-00C04F79EFBC}") = "Infotanica", "Infotanica.csproj", "{DBD0BA6D-FFBC-4E7E-959B-642CBE7C85FB}"
EndProject
Global
	GlobalSection(SolutionConfigurationPlatforms) = preSolution
		Debug|Any CPU = Debug|Any CPU
		Release|Any CPU = Release|Any CPU
	EndGlobalSection
	GlobalSection(ProjectConfigurationPlatforms) = postSolution
		{DBD0BA6D-FFBC-4E7E-959B-642CBE7C85FB}.Debug|Any CPU.ActiveCfg = Debug|Any CPU
		{DBD0BA6D-FFBC-4E7E-959B-642CBE7C85FB}.Debug|Any CPU.Build.0 = Debug|Any CPU
		{DBD0BA6D-FFBC-4E7E-959B-642CBE7C85FB}.Release|Any CPU.ActiveCfg = Release|Any CPU
		{DBD0BA6D-FFBC-4E7E-959B-642CBE7C85FB}.Release|Any CPU.Build.0 = Release|Any CPU
	EndGlobalSection
	GlobalSection(SolutionProperties) = preSolution
		HideSolutionNode = FALSE
	EndGlobalSection
	GlobalSection(ExtensibilityGlobals) = postSolution
		SolutionGuid = {598E0C00-EEA0-4005-A10D-6C45422779A1}
	EndGlobalSection
EndGlobal
